// !$*UTF8*$!
{
	archiveVersion = 1;
	classes = {
	};
	objectVersion = 55;
	objects = {

/* Begin PBXBuildFile section */
		CB1881D7268335AC00CE0DA9 /* PhotosFetcher.swift in Sources */ = {isa = PBXBuildFile; fileRef = CB1881D6268335AC00CE0DA9 /* PhotosFetcher.swift */; };
		CB1881D926833B6200CE0DA9 /* PhotosSorter.swift in Sources */ = {isa = PBXBuildFile; fileRef = CB1881D826833B6200CE0DA9 /* PhotosSorter.swift */; };
		CB1881DC26833DBE00CE0DA9 /* DateExtension.swift in Sources */ = {isa = PBXBuildFile; fileRef = CB1881DB26833DBE00CE0DA9 /* DateExtension.swift */; };
		CB35C9FA268235F800FF7543 /* AwesomeDaysApp.swift in Sources */ = {isa = PBXBuildFile; fileRef = CB35C9F9268235F800FF7543 /* AwesomeDaysApp.swift */; };
		CB35C9FE268235FE00FF7543 /* Assets.xcassets in Resources */ = {isa = PBXBuildFile; fileRef = CB35C9FD268235FE00FF7543 /* Assets.xcassets */; };
		CB35CA01268235FE00FF7543 /* Preview Assets.xcassets in Resources */ = {isa = PBXBuildFile; fileRef = CB35CA00268235FE00FF7543 /* Preview Assets.xcassets */; };
		CB35CA13268316CB00FF7543 /* SettingsViewModel.swift in Sources */ = {isa = PBXBuildFile; fileRef = CB35CA0F2683153200FF7543 /* SettingsViewModel.swift */; };
		CB35CA14268316CB00FF7543 /* HomeTabView.swift in Sources */ = {isa = PBXBuildFile; fileRef = CB35CA122683156000FF7543 /* HomeTabView.swift */; };
		CB35CA15268316CB00FF7543 /* SettingsView.swift in Sources */ = {isa = PBXBuildFile; fileRef = CB35CA102683153200FF7543 /* SettingsView.swift */; };
		CB35CA16268316CB00FF7543 /* HomeTabViewModel.swift in Sources */ = {isa = PBXBuildFile; fileRef = CB35CA112683156000FF7543 /* HomeTabViewModel.swift */; };
		CBF4484F2684DFF8006C9ACF /* PhotosByDay.swift in Sources */ = {isa = PBXBuildFile; fileRef = CBF4484E2684DFF8006C9ACF /* PhotosByDay.swift */; };
		CBF448512684E013006C9ACF /* PhotosByLocation.swift in Sources */ = {isa = PBXBuildFile; fileRef = CBF448502684E013006C9ACF /* PhotosByLocation.swift */; };
		CBF448532684E01E006C9ACF /* PhotosByTrip.swift in Sources */ = {isa = PBXBuildFile; fileRef = CBF448522684E01E006C9ACF /* PhotosByTrip.swift */; };
		CBF448572684F13E006C9ACF /* ImageLoader.swift in Sources */ = {isa = PBXBuildFile; fileRef = CBF448562684F13E006C9ACF /* ImageLoader.swift */; };
		CBF448592684F156006C9ACF /* ImageCache.swift in Sources */ = {isa = PBXBuildFile; fileRef = CBF448582684F156006C9ACF /* ImageCache.swift */; };
		CBF4485F2685F865006C9ACF /* PhotosByProtocol.swift in Sources */ = {isa = PBXBuildFile; fileRef = CBF4485E2685F865006C9ACF /* PhotosByProtocol.swift */; };
		CBF448692686069C006C9ACF /* Introspect in Frameworks */ = {isa = PBXBuildFile; productRef = CBF448682686069C006C9ACF /* Introspect */; };
		CBF4488126862FEA006C9ACF /* RemoteImageView.swift in Sources */ = {isa = PBXBuildFile; fileRef = CBF4487226862FE9006C9ACF /* RemoteImageView.swift */; };
		CBF4488226862FEA006C9ACF /* AlbumTripCellViewModel.swift in Sources */ = {isa = PBXBuildFile; fileRef = CBF4487426862FE9006C9ACF /* AlbumTripCellViewModel.swift */; };
		CBF4488326862FEA006C9ACF /* AlbumTripCell.swift in Sources */ = {isa = PBXBuildFile; fileRef = CBF4487526862FE9006C9ACF /* AlbumTripCell.swift */; };
		CBF4488426862FEA006C9ACF /* AlbumsListTripsViewModel.swift in Sources */ = {isa = PBXBuildFile; fileRef = CBF4487726862FE9006C9ACF /* AlbumsListTripsViewModel.swift */; };
		CBF4488526862FEA006C9ACF /* AlbumsListTripView.swift in Sources */ = {isa = PBXBuildFile; fileRef = CBF4487826862FE9006C9ACF /* AlbumsListTripView.swift */; };
		CBF4488626862FEA006C9ACF /* AlbumCell.swift in Sources */ = {isa = PBXBuildFile; fileRef = CBF4487A26862FE9006C9ACF /* AlbumCell.swift */; };
		CBF4488726862FEA006C9ACF /* AlbumCellViewModel.swift in Sources */ = {isa = PBXBuildFile; fileRef = CBF4487B26862FE9006C9ACF /* AlbumCellViewModel.swift */; };
		CBF4488826862FEA006C9ACF /* AlbumsListViewModelProtocol.swift in Sources */ = {isa = PBXBuildFile; fileRef = CBF4487C26862FEA006C9ACF /* AlbumsListViewModelProtocol.swift */; };
		CBF4488926862FEA006C9ACF /* AlbumsListView.swift in Sources */ = {isa = PBXBuildFile; fileRef = CBF4487E26862FEA006C9ACF /* AlbumsListView.swift */; };
		CBF4488A26862FEA006C9ACF /* AlbumsListLocationsViewModel.swift in Sources */ = {isa = PBXBuildFile; fileRef = CBF4487F26862FEA006C9ACF /* AlbumsListLocationsViewModel.swift */; };
		CBF4488B26862FEA006C9ACF /* AlbumsListDaysViewModel.swift in Sources */ = {isa = PBXBuildFile; fileRef = CBF4488026862FEA006C9ACF /* AlbumsListDaysViewModel.swift */; };
		CBF4488E268A042B006C9ACF /* SettingsStorage.swift in Sources */ = {isa = PBXBuildFile; fileRef = CBF4488D268A042B006C9ACF /* SettingsStorage.swift */; };
		CBF44890268A0B55006C9ACF /* UserDefaultsExtension.swift in Sources */ = {isa = PBXBuildFile; fileRef = CBF4488F268A0B55006C9ACF /* UserDefaultsExtension.swift */; };
/* End PBXBuildFile section */

/* Begin PBXFileReference section */
		CB1881D426832BAC00CE0DA9 /* Info.plist */ = {isa = PBXFileReference; lastKnownFileType = text.plist; path = Info.plist; sourceTree = "<group>"; };
		CB1881D6268335AC00CE0DA9 /* PhotosFetcher.swift */ = {isa = PBXFileReference; lastKnownFileType = sourcecode.swift; path = PhotosFetcher.swift; sourceTree = "<group>"; };
		CB1881D826833B6200CE0DA9 /* PhotosSorter.swift */ = {isa = PBXFileReference; lastKnownFileType = sourcecode.swift; path = PhotosSorter.swift; sourceTree = "<group>"; };
		CB1881DB26833DBE00CE0DA9 /* DateExtension.swift */ = {isa = PBXFileReference; lastKnownFileType = sourcecode.swift; path = DateExtension.swift; sourceTree = "<group>"; };
		CB35C9F6268235F800FF7543 /* AwesomeDays.app */ = {isa = PBXFileReference; explicitFileType = wrapper.application; includeInIndex = 0; path = AwesomeDays.app; sourceTree = BUILT_PRODUCTS_DIR; };
		CB35C9F9268235F800FF7543 /* AwesomeDaysApp.swift */ = {isa = PBXFileReference; lastKnownFileType = sourcecode.swift; path = AwesomeDaysApp.swift; sourceTree = "<group>"; };
		CB35C9FD268235FE00FF7543 /* Assets.xcassets */ = {isa = PBXFileReference; lastKnownFileType = folder.assetcatalog; path = Assets.xcassets; sourceTree = "<group>"; };
		CB35CA00268235FE00FF7543 /* Preview Assets.xcassets */ = {isa = PBXFileReference; lastKnownFileType = folder.assetcatalog; path = "Preview Assets.xcassets"; sourceTree = "<group>"; };
		CB35CA0F2683153200FF7543 /* SettingsViewModel.swift */ = {isa = PBXFileReference; lastKnownFileType = sourcecode.swift; path = SettingsViewModel.swift; sourceTree = "<group>"; };
		CB35CA102683153200FF7543 /* SettingsView.swift */ = {isa = PBXFileReference; lastKnownFileType = sourcecode.swift; path = SettingsView.swift; sourceTree = "<group>"; };
		CB35CA112683156000FF7543 /* HomeTabViewModel.swift */ = {isa = PBXFileReference; lastKnownFileType = sourcecode.swift; path = HomeTabViewModel.swift; sourceTree = "<group>"; };
		CB35CA122683156000FF7543 /* HomeTabView.swift */ = {isa = PBXFileReference; lastKnownFileType = sourcecode.swift; path = HomeTabView.swift; sourceTree = "<group>"; };
		CBF4484E2684DFF8006C9ACF /* PhotosByDay.swift */ = {isa = PBXFileReference; lastKnownFileType = sourcecode.swift; path = PhotosByDay.swift; sourceTree = "<group>"; };
		CBF448502684E013006C9ACF /* PhotosByLocation.swift */ = {isa = PBXFileReference; lastKnownFileType = sourcecode.swift; path = PhotosByLocation.swift; sourceTree = "<group>"; };
		CBF448522684E01E006C9ACF /* PhotosByTrip.swift */ = {isa = PBXFileReference; lastKnownFileType = sourcecode.swift; path = PhotosByTrip.swift; sourceTree = "<group>"; };
		CBF448562684F13E006C9ACF /* ImageLoader.swift */ = {isa = PBXFileReference; fileEncoding = 4; lastKnownFileType = sourcecode.swift; path = ImageLoader.swift; sourceTree = "<group>"; };
		CBF448582684F156006C9ACF /* ImageCache.swift */ = {isa = PBXFileReference; fileEncoding = 4; lastKnownFileType = sourcecode.swift; path = ImageCache.swift; sourceTree = "<group>"; };
		CBF4485E2685F865006C9ACF /* PhotosByProtocol.swift */ = {isa = PBXFileReference; lastKnownFileType = sourcecode.swift; path = PhotosByProtocol.swift; sourceTree = "<group>"; };
		CBF4487226862FE9006C9ACF /* RemoteImageView.swift */ = {isa = PBXFileReference; fileEncoding = 4; lastKnownFileType = sourcecode.swift; path = RemoteImageView.swift; sourceTree = "<group>"; };
		CBF4487426862FE9006C9ACF /* AlbumTripCellViewModel.swift */ = {isa = PBXFileReference; fileEncoding = 4; lastKnownFileType = sourcecode.swift; path = AlbumTripCellViewModel.swift; sourceTree = "<group>"; };
		CBF4487526862FE9006C9ACF /* AlbumTripCell.swift */ = {isa = PBXFileReference; fileEncoding = 4; lastKnownFileType = sourcecode.swift; path = AlbumTripCell.swift; sourceTree = "<group>"; };
		CBF4487726862FE9006C9ACF /* AlbumsListTripsViewModel.swift */ = {isa = PBXFileReference; fileEncoding = 4; lastKnownFileType = sourcecode.swift; path = AlbumsListTripsViewModel.swift; sourceTree = "<group>"; };
		CBF4487826862FE9006C9ACF /* AlbumsListTripView.swift */ = {isa = PBXFileReference; fileEncoding = 4; lastKnownFileType = sourcecode.swift; path = AlbumsListTripView.swift; sourceTree = "<group>"; };
		CBF4487A26862FE9006C9ACF /* AlbumCell.swift */ = {isa = PBXFileReference; fileEncoding = 4; lastKnownFileType = sourcecode.swift; path = AlbumCell.swift; sourceTree = "<group>"; };
		CBF4487B26862FE9006C9ACF /* AlbumCellViewModel.swift */ = {isa = PBXFileReference; fileEncoding = 4; lastKnownFileType = sourcecode.swift; path = AlbumCellViewModel.swift; sourceTree = "<group>"; };
		CBF4487C26862FEA006C9ACF /* AlbumsListViewModelProtocol.swift */ = {isa = PBXFileReference; fileEncoding = 4; lastKnownFileType = sourcecode.swift; path = AlbumsListViewModelProtocol.swift; sourceTree = "<group>"; };
		CBF4487E26862FEA006C9ACF /* AlbumsListView.swift */ = {isa = PBXFileReference; fileEncoding = 4; lastKnownFileType = sourcecode.swift; path = AlbumsListView.swift; sourceTree = "<group>"; };
		CBF4487F26862FEA006C9ACF /* AlbumsListLocationsViewModel.swift */ = {isa = PBXFileReference; fileEncoding = 4; lastKnownFileType = sourcecode.swift; path = AlbumsListLocationsViewModel.swift; sourceTree = "<group>"; };
		CBF4488026862FEA006C9ACF /* AlbumsListDaysViewModel.swift */ = {isa = PBXFileReference; fileEncoding = 4; lastKnownFileType = sourcecode.swift; path = AlbumsListDaysViewModel.swift; sourceTree = "<group>"; };
		CBF4488D268A042B006C9ACF /* SettingsStorage.swift */ = {isa = PBXFileReference; lastKnownFileType = sourcecode.swift; path = SettingsStorage.swift; sourceTree = "<group>"; };
		CBF4488F268A0B55006C9ACF /* UserDefaultsExtension.swift */ = {isa = PBXFileReference; lastKnownFileType = sourcecode.swift; path = UserDefaultsExtension.swift; sourceTree = "<group>"; };
/* End PBXFileReference section */

/* Begin PBXFrameworksBuildPhase section */
		CB35C9F3268235F800FF7543 /* Frameworks */ = {
			isa = PBXFrameworksBuildPhase;
			buildActionMask = 2147483647;
			files = (
				CBF448692686069C006C9ACF /* Introspect in Frameworks */,
			);
			runOnlyForDeploymentPostprocessing = 0;
		};
/* End PBXFrameworksBuildPhase section */

/* Begin PBXGroup section */
		CB1881D52683354800CE0DA9 /* PhotosUtils */ = {
			isa = PBXGroup;
			children = (
				CBF448562684F13E006C9ACF /* ImageLoader.swift */,
				CBF448582684F156006C9ACF /* ImageCache.swift */,
				CB1881D6268335AC00CE0DA9 /* PhotosFetcher.swift */,
				CB1881D826833B6200CE0DA9 /* PhotosSorter.swift */,
			);
			path = PhotosUtils;
			sourceTree = "<group>";
		};
		CB1881DA26833DB000CE0DA9 /* Extensions */ = {
			isa = PBXGroup;
			children = (
				CB1881DB26833DBE00CE0DA9 /* DateExtension.swift */,
				CBF4488F268A0B55006C9ACF /* UserDefaultsExtension.swift */,
			);
			path = Extensions;
			sourceTree = "<group>";
		};
		CB35C9ED268235F700FF7543 = {
			isa = PBXGroup;
			children = (
				CB35C9F8268235F800FF7543 /* AwesomeDays */,
				CB35C9F7268235F800FF7543 /* Products */,
			);
			sourceTree = "<group>";
		};
		CB35C9F7268235F800FF7543 /* Products */ = {
			isa = PBXGroup;
			children = (
				CB35C9F6268235F800FF7543 /* AwesomeDays.app */,
			);
			name = Products;
			sourceTree = "<group>";
		};
		CB35C9F8268235F800FF7543 /* AwesomeDays */ = {
			isa = PBXGroup;
			children = (
				CBF4488C268A03DB006C9ACF /* Database */,
				CBF4484D2684DFCE006C9ACF /* Models */,
				CB1881DA26833DB000CE0DA9 /* Extensions */,
				CB1881D52683354800CE0DA9 /* PhotosUtils */,
				CB1881D426832BAC00CE0DA9 /* Info.plist */,
				CB35C9F9268235F800FF7543 /* AwesomeDaysApp.swift */,
				CB35CA07268313CB00FF7543 /* Views */,
				CB35C9FD268235FE00FF7543 /* Assets.xcassets */,
				CB35C9FF268235FE00FF7543 /* Preview Content */,
			);
			path = AwesomeDays;
			sourceTree = "<group>";
		};
		CB35C9FF268235FE00FF7543 /* Preview Content */ = {
			isa = PBXGroup;
			children = (
				CB35CA00268235FE00FF7543 /* Preview Assets.xcassets */,
			);
			path = "Preview Content";
			sourceTree = "<group>";
		};
		CB35CA07268313CB00FF7543 /* Views */ = {
			isa = PBXGroup;
			children = (
				CB35CA0A2683144400FF7543 /* HomeTab */,
				CB35CA092683140700FF7543 /* Settings */,
				CB35CA08268313DD00FF7543 /* AlbumsList */,
			);
			path = Views;
			sourceTree = "<group>";
		};
		CB35CA08268313DD00FF7543 /* AlbumsList */ = {
			isa = PBXGroup;
			children = (
				CBF4487926862FE9006C9ACF /* AlbumCell */,
				CBF4487D26862FEA006C9ACF /* AlbumsList */,
				CBF4487C26862FEA006C9ACF /* AlbumsListViewModelProtocol.swift */,
				CBF4487626862FE9006C9ACF /* AlbumsTripList */,
				CBF4487326862FE9006C9ACF /* AlbumTripCell */,
				CBF4487226862FE9006C9ACF /* RemoteImageView.swift */,
			);
			path = AlbumsList;
			sourceTree = "<group>";
		};
		CB35CA092683140700FF7543 /* Settings */ = {
			isa = PBXGroup;
			children = (
				CB35CA102683153200FF7543 /* SettingsView.swift */,
				CB35CA0F2683153200FF7543 /* SettingsViewModel.swift */,
			);
			path = Settings;
			sourceTree = "<group>";
		};
		CB35CA0A2683144400FF7543 /* HomeTab */ = {
			isa = PBXGroup;
			children = (
				CB35CA122683156000FF7543 /* HomeTabView.swift */,
				CB35CA112683156000FF7543 /* HomeTabViewModel.swift */,
			);
			path = HomeTab;
			sourceTree = "<group>";
		};
		CBF4484D2684DFCE006C9ACF /* Models */ = {
			isa = PBXGroup;
			children = (
				CBF4484E2684DFF8006C9ACF /* PhotosByDay.swift */,
				CBF448502684E013006C9ACF /* PhotosByLocation.swift */,
				CBF448522684E01E006C9ACF /* PhotosByTrip.swift */,
				CBF4485E2685F865006C9ACF /* PhotosByProtocol.swift */,
			);
			path = Models;
			sourceTree = "<group>";
		};
		CBF4487326862FE9006C9ACF /* AlbumTripCell */ = {
			isa = PBXGroup;
			children = (
				CBF4487426862FE9006C9ACF /* AlbumTripCellViewModel.swift */,
				CBF4487526862FE9006C9ACF /* AlbumTripCell.swift */,
			);
			path = AlbumTripCell;
			sourceTree = "<group>";
		};
		CBF4487626862FE9006C9ACF /* AlbumsTripList */ = {
			isa = PBXGroup;
			children = (
				CBF4487726862FE9006C9ACF /* AlbumsListTripsViewModel.swift */,
				CBF4487826862FE9006C9ACF /* AlbumsListTripView.swift */,
			);
			path = AlbumsTripList;
			sourceTree = "<group>";
		};
		CBF4487926862FE9006C9ACF /* AlbumCell */ = {
			isa = PBXGroup;
			children = (
				CBF4487A26862FE9006C9ACF /* AlbumCell.swift */,
				CBF4487B26862FE9006C9ACF /* AlbumCellViewModel.swift */,
			);
			path = AlbumCell;
			sourceTree = "<group>";
		};
		CBF4487D26862FEA006C9ACF /* AlbumsList */ = {
			isa = PBXGroup;
			children = (
				CBF4487E26862FEA006C9ACF /* AlbumsListView.swift */,
				CBF4487F26862FEA006C9ACF /* AlbumsListLocationsViewModel.swift */,
				CBF4488026862FEA006C9ACF /* AlbumsListDaysViewModel.swift */,
			);
			path = AlbumsList;
			sourceTree = "<group>";
		};
		CBF4488C268A03DB006C9ACF /* Database */ = {
			isa = PBXGroup;
			children = (
				CBF4488D268A042B006C9ACF /* SettingsStorage.swift */,
			);
			path = Database;
			sourceTree = "<group>";
		};
/* End PBXGroup section */

/* Begin PBXNativeTarget section */
		CB35C9F5268235F800FF7543 /* AwesomeDays */ = {
			isa = PBXNativeTarget;
			buildConfigurationList = CB35CA04268235FE00FF7543 /* Build configuration list for PBXNativeTarget "AwesomeDays" */;
			buildPhases = (
				CB35C9F2268235F800FF7543 /* Sources */,
				CB35C9F3268235F800FF7543 /* Frameworks */,
				CB35C9F4268235F800FF7543 /* Resources */,
			);
			buildRules = (
			);
			dependencies = (
			);
			name = AwesomeDays;
			packageProductDependencies = (
				CBF448682686069C006C9ACF /* Introspect */,
			);
			productName = AwesomeDays;
			productReference = CB35C9F6268235F800FF7543 /* AwesomeDays.app */;
			productType = "com.apple.product-type.application";
		};
/* End PBXNativeTarget section */

/* Begin PBXProject section */
		CB35C9EE268235F700FF7543 /* Project object */ = {
			isa = PBXProject;
			attributes = {
				BuildIndependentTargetsInParallel = 1;
				LastSwiftUpdateCheck = 1300;
				LastUpgradeCheck = 1300;
				TargetAttributes = {
					CB35C9F5268235F800FF7543 = {
						CreatedOnToolsVersion = 13.0;
					};
				};
			};
			buildConfigurationList = CB35C9F1268235F700FF7543 /* Build configuration list for PBXProject "AwesomeDays" */;
			compatibilityVersion = "Xcode 13.0";
			developmentRegion = en;
			hasScannedForEncodings = 0;
			knownRegions = (
				en,
				Base,
			);
			mainGroup = CB35C9ED268235F700FF7543;
			packageReferences = (
				CBF448672686069C006C9ACF /* XCRemoteSwiftPackageReference "SwiftUI-Introspect" */,
			);
			productRefGroup = CB35C9F7268235F800FF7543 /* Products */;
			projectDirPath = "";
			projectRoot = "";
			targets = (
				CB35C9F5268235F800FF7543 /* AwesomeDays */,
			);
		};
/* End PBXProject section */

/* Begin PBXResourcesBuildPhase section */
		CB35C9F4268235F800FF7543 /* Resources */ = {
			isa = PBXResourcesBuildPhase;
			buildActionMask = 2147483647;
			files = (
				CB35CA01268235FE00FF7543 /* Preview Assets.xcassets in Resources */,
				CB35C9FE268235FE00FF7543 /* Assets.xcassets in Resources */,
			);
			runOnlyForDeploymentPostprocessing = 0;
		};
/* End PBXResourcesBuildPhase section */

/* Begin PBXSourcesBuildPhase section */
		CB35C9F2268235F800FF7543 /* Sources */ = {
			isa = PBXSourcesBuildPhase;
			buildActionMask = 2147483647;
			files = (
				CBF4488226862FEA006C9ACF /* AlbumTripCellViewModel.swift in Sources */,
				CBF4488826862FEA006C9ACF /* AlbumsListViewModelProtocol.swift in Sources */,
				CBF4485F2685F865006C9ACF /* PhotosByProtocol.swift in Sources */,
				CBF4488326862FEA006C9ACF /* AlbumTripCell.swift in Sources */,
				CBF4488426862FEA006C9ACF /* AlbumsListTripsViewModel.swift in Sources */,
				CBF4484F2684DFF8006C9ACF /* PhotosByDay.swift in Sources */,
				CBF4488526862FEA006C9ACF /* AlbumsListTripView.swift in Sources */,
				CBF44890268A0B55006C9ACF /* UserDefaultsExtension.swift in Sources */,
				CBF4488A26862FEA006C9ACF /* AlbumsListLocationsViewModel.swift in Sources */,
				CBF448592684F156006C9ACF /* ImageCache.swift in Sources */,
				CBF448572684F13E006C9ACF /* ImageLoader.swift in Sources */,
				CBF4488E268A042B006C9ACF /* SettingsStorage.swift in Sources */,
				CB1881DC26833DBE00CE0DA9 /* DateExtension.swift in Sources */,
				CB35CA14268316CB00FF7543 /* HomeTabView.swift in Sources */,
				CBF448532684E01E006C9ACF /* PhotosByTrip.swift in Sources */,
				CB35CA15268316CB00FF7543 /* SettingsView.swift in Sources */,
				CB1881D7268335AC00CE0DA9 /* PhotosFetcher.swift in Sources */,
				CBF4488126862FEA006C9ACF /* RemoteImageView.swift in Sources */,
				CB1881D926833B6200CE0DA9 /* PhotosSorter.swift in Sources */,
				CBF4488726862FEA006C9ACF /* AlbumCellViewModel.swift in Sources */,
				CBF4488B26862FEA006C9ACF /* AlbumsListDaysViewModel.swift in Sources */,
				CBF4488926862FEA006C9ACF /* AlbumsListView.swift in Sources */,
				CB35C9FA268235F800FF7543 /* AwesomeDaysApp.swift in Sources */,
				CBF4488626862FEA006C9ACF /* AlbumCell.swift in Sources */,
				CB35CA13268316CB00FF7543 /* SettingsViewModel.swift in Sources */,
				CBF448512684E013006C9ACF /* PhotosByLocation.swift in Sources */,
				CB35CA16268316CB00FF7543 /* HomeTabViewModel.swift in Sources */,
			);
			runOnlyForDeploymentPostprocessing = 0;
		};
/* End PBXSourcesBuildPhase section */

/* Begin XCBuildConfiguration section */
		CB35CA02268235FE00FF7543 /* Debug */ = {
			isa = XCBuildConfiguration;
			buildSettings = {
				ALWAYS_SEARCH_USER_PATHS = NO;
				CLANG_ANALYZER_NONNULL = YES;
				CLANG_ANALYZER_NUMBER_OBJECT_CONVERSION = YES_AGGRESSIVE;
				CLANG_CXX_LANGUAGE_STANDARD = "gnu++14";
				CLANG_CXX_LIBRARY = "libc++";
				CLANG_ENABLE_MODULES = YES;
				CLANG_ENABLE_OBJC_ARC = YES;
				CLANG_ENABLE_OBJC_WEAK = YES;
				CLANG_WARN_BLOCK_CAPTURE_AUTORELEASING = YES;
				CLANG_WARN_BOOL_CONVERSION = YES;
				CLANG_WARN_COMMA = YES;
				CLANG_WARN_CONSTANT_CONVERSION = YES;
				CLANG_WARN_DEPRECATED_OBJC_IMPLEMENTATIONS = YES;
				CLANG_WARN_DIRECT_OBJC_ISA_USAGE = YES_ERROR;
				CLANG_WARN_DOCUMENTATION_COMMENTS = YES;
				CLANG_WARN_EMPTY_BODY = YES;
				CLANG_WARN_ENUM_CONVERSION = YES;
				CLANG_WARN_INFINITE_RECURSION = YES;
				CLANG_WARN_INT_CONVERSION = YES;
				CLANG_WARN_NON_LITERAL_NULL_CONVERSION = YES;
				CLANG_WARN_OBJC_IMPLICIT_RETAIN_SELF = YES;
				CLANG_WARN_OBJC_LITERAL_CONVERSION = YES;
				CLANG_WARN_OBJC_ROOT_CLASS = YES_ERROR;
				CLANG_WARN_QUOTED_INCLUDE_IN_FRAMEWORK_HEADER = YES;
				CLANG_WARN_RANGE_LOOP_ANALYSIS = YES;
				CLANG_WARN_STRICT_PROTOTYPES = YES;
				CLANG_WARN_SUSPICIOUS_MOVE = YES;
				CLANG_WARN_UNGUARDED_AVAILABILITY = YES_AGGRESSIVE;
				CLANG_WARN_UNREACHABLE_CODE = YES;
				CLANG_WARN__DUPLICATE_METHOD_MATCH = YES;
				COPY_PHASE_STRIP = NO;
				DEBUG_INFORMATION_FORMAT = dwarf;
				ENABLE_STRICT_OBJC_MSGSEND = YES;
				ENABLE_TESTABILITY = YES;
				GCC_C_LANGUAGE_STANDARD = gnu11;
				GCC_DYNAMIC_NO_PIC = NO;
				GCC_NO_COMMON_BLOCKS = YES;
				GCC_OPTIMIZATION_LEVEL = 0;
				GCC_PREPROCESSOR_DEFINITIONS = (
					"DEBUG=1",
					"$(inherited)",
				);
				GCC_WARN_64_TO_32_BIT_CONVERSION = YES;
				GCC_WARN_ABOUT_RETURN_TYPE = YES_ERROR;
				GCC_WARN_UNDECLARED_SELECTOR = YES;
				GCC_WARN_UNINITIALIZED_AUTOS = YES_AGGRESSIVE;
				GCC_WARN_UNUSED_FUNCTION = YES;
				GCC_WARN_UNUSED_VARIABLE = YES;
				IPHONEOS_DEPLOYMENT_TARGET = 15.0;
				MTL_ENABLE_DEBUG_INFO = INCLUDE_SOURCE;
				MTL_FAST_MATH = YES;
				ONLY_ACTIVE_ARCH = YES;
				SDKROOT = iphoneos;
				SWIFT_ACTIVE_COMPILATION_CONDITIONS = DEBUG;
				SWIFT_OPTIMIZATION_LEVEL = "-Onone";
			};
			name = Debug;
		};
		CB35CA03268235FE00FF7543 /* Release */ = {
			isa = XCBuildConfiguration;
			buildSettings = {
				ALWAYS_SEARCH_USER_PATHS = NO;
				CLANG_ANALYZER_NONNULL = YES;
				CLANG_ANALYZER_NUMBER_OBJECT_CONVERSION = YES_AGGRESSIVE;
				CLANG_CXX_LANGUAGE_STANDARD = "gnu++14";
				CLANG_CXX_LIBRARY = "libc++";
				CLANG_ENABLE_MODULES = YES;
				CLANG_ENABLE_OBJC_ARC = YES;
				CLANG_ENABLE_OBJC_WEAK = YES;
				CLANG_WARN_BLOCK_CAPTURE_AUTORELEASING = YES;
				CLANG_WARN_BOOL_CONVERSION = YES;
				CLANG_WARN_COMMA = YES;
				CLANG_WARN_CONSTANT_CONVERSION = YES;
				CLANG_WARN_DEPRECATED_OBJC_IMPLEMENTATIONS = YES;
				CLANG_WARN_DIRECT_OBJC_ISA_USAGE = YES_ERROR;
				CLANG_WARN_DOCUMENTATION_COMMENTS = YES;
				CLANG_WARN_EMPTY_BODY = YES;
				CLANG_WARN_ENUM_CONVERSION = YES;
				CLANG_WARN_INFINITE_RECURSION = YES;
				CLANG_WARN_INT_CONVERSION = YES;
				CLANG_WARN_NON_LITERAL_NULL_CONVERSION = YES;
				CLANG_WARN_OBJC_IMPLICIT_RETAIN_SELF = YES;
				CLANG_WARN_OBJC_LITERAL_CONVERSION = YES;
				CLANG_WARN_OBJC_ROOT_CLASS = YES_ERROR;
				CLANG_WARN_QUOTED_INCLUDE_IN_FRAMEWORK_HEADER = YES;
				CLANG_WARN_RANGE_LOOP_ANALYSIS = YES;
				CLANG_WARN_STRICT_PROTOTYPES = YES;
				CLANG_WARN_SUSPICIOUS_MOVE = YES;
				CLANG_WARN_UNGUARDED_AVAILABILITY = YES_AGGRESSIVE;
				CLANG_WARN_UNREACHABLE_CODE = YES;
				CLANG_WARN__DUPLICATE_METHOD_MATCH = YES;
				COPY_PHASE_STRIP = NO;
				DEBUG_INFORMATION_FORMAT = "dwarf-with-dsym";
				ENABLE_NS_ASSERTIONS = NO;
				ENABLE_STRICT_OBJC_MSGSEND = YES;
				GCC_C_LANGUAGE_STANDARD = gnu11;
				GCC_NO_COMMON_BLOCKS = YES;
				GCC_WARN_64_TO_32_BIT_CONVERSION = YES;
				GCC_WARN_ABOUT_RETURN_TYPE = YES_ERROR;
				GCC_WARN_UNDECLARED_SELECTOR = YES;
				GCC_WARN_UNINITIALIZED_AUTOS = YES_AGGRESSIVE;
				GCC_WARN_UNUSED_FUNCTION = YES;
				GCC_WARN_UNUSED_VARIABLE = YES;
				IPHONEOS_DEPLOYMENT_TARGET = 15.0;
				MTL_ENABLE_DEBUG_INFO = NO;
				MTL_FAST_MATH = YES;
				SDKROOT = iphoneos;
				SWIFT_COMPILATION_MODE = wholemodule;
				SWIFT_OPTIMIZATION_LEVEL = "-O";
				VALIDATE_PRODUCT = YES;
			};
			name = Release;
		};
		CB35CA05268235FE00FF7543 /* Debug */ = {
			isa = XCBuildConfiguration;
			buildSettings = {
				ASSETCATALOG_COMPILER_APPICON_NAME = AppIcon;
				ASSETCATALOG_COMPILER_GLOBAL_ACCENT_COLOR_NAME = AccentColor;
				CODE_SIGN_STYLE = Automatic;
				CURRENT_PROJECT_VERSION = 1;
				DEVELOPMENT_ASSET_PATHS = "\"AwesomeDays/Preview Content\"";
				DEVELOPMENT_TEAM = 5ZKVP4LHLY;
				ENABLE_PREVIEWS = YES;
				GENERATE_INFOPLIST_FILE = YES;
				INFOPLIST_FILE = AwesomeDays/Info.plist;
				INFOPLIST_KEY_CFBundleExecutable = AwesomeDays;
				INFOPLIST_KEY_CFBundleName = AwesomeDays;
				INFOPLIST_KEY_CFBundleVersion = 1;
				INFOPLIST_KEY_UIApplicationSceneManifest_Generation = YES;
				INFOPLIST_KEY_UIApplicationSupportsIndirectInputEvents = YES;
				INFOPLIST_KEY_UILaunchScreen_Generation = YES;
				INFOPLIST_KEY_UISupportedInterfaceOrientations_iPad = "UIInterfaceOrientationPortrait UIInterfaceOrientationPortraitUpsideDown UIInterfaceOrientationLandscapeLeft UIInterfaceOrientationLandscapeRight";
				INFOPLIST_KEY_UISupportedInterfaceOrientations_iPhone = "UIInterfaceOrientationPortrait UIInterfaceOrientationLandscapeLeft UIInterfaceOrientationLandscapeRight";
				IPHONEOS_DEPLOYMENT_TARGET = 14.0;
				LD_RUNPATH_SEARCH_PATHS = (
					"$(inherited)",
					"@executable_path/Frameworks",
				);
				MARKETING_VERSION = 1.0;
				PRODUCT_BUNDLE_IDENTIFIER = com.cescdev.AwesomeDays;
				PRODUCT_NAME = "$(TARGET_NAME)";
				SWIFT_EMIT_LOC_STRINGS = YES;
				SWIFT_VERSION = 5.0;
				TARGETED_DEVICE_FAMILY = "1,2";
			};
			name = Debug;
		};
		CB35CA06268235FE00FF7543 /* Release */ = {
			isa = XCBuildConfiguration;
			buildSettings = {
				ASSETCATALOG_COMPILER_APPICON_NAME = AppIcon;
				ASSETCATALOG_COMPILER_GLOBAL_ACCENT_COLOR_NAME = AccentColor;
				CODE_SIGN_STYLE = Automatic;
				CURRENT_PROJECT_VERSION = 1;
				DEVELOPMENT_ASSET_PATHS = "\"AwesomeDays/Preview Content\"";
				DEVELOPMENT_TEAM = 5ZKVP4LHLY;
				ENABLE_PREVIEWS = YES;
				GENERATE_INFOPLIST_FILE = YES;
				INFOPLIST_FILE = AwesomeDays/Info.plist;
				INFOPLIST_KEY_CFBundleExecutable = AwesomeDays;
				INFOPLIST_KEY_CFBundleName = AwesomeDays;
				INFOPLIST_KEY_CFBundleVersion = 1;
				INFOPLIST_KEY_UIApplicationSceneManifest_Generation = YES;
				INFOPLIST_KEY_UIApplicationSupportsIndirectInputEvents = YES;
				INFOPLIST_KEY_UILaunchScreen_Generation = YES;
				INFOPLIST_KEY_UISupportedInterfaceOrientations_iPad = "UIInterfaceOrientationPortrait UIInterfaceOrientationPortraitUpsideDown UIInterfaceOrientationLandscapeLeft UIInterfaceOrientationLandscapeRight";
				INFOPLIST_KEY_UISupportedInterfaceOrientations_iPhone = "UIInterfaceOrientationPortrait UIInterfaceOrientationLandscapeLeft UIInterfaceOrientationLandscapeRight";
				IPHONEOS_DEPLOYMENT_TARGET = 14.0;
				LD_RUNPATH_SEARCH_PATHS = (
					"$(inherited)",
					"@executable_path/Frameworks",
				);
				MARKETING_VERSION = 1.0;
				PRODUCT_BUNDLE_IDENTIFIER = com.cescdev.AwesomeDays;
				PRODUCT_NAME = "$(TARGET_NAME)";
				SWIFT_EMIT_LOC_STRINGS = YES;
				SWIFT_VERSION = 5.0;
				TARGETED_DEVICE_FAMILY = "1,2";
			};
			name = Release;
		};
/* End XCBuildConfiguration section */

/* Begin XCConfigurationList section */
		CB35C9F1268235F700FF7543 /* Build configuration list for PBXProject "AwesomeDays" */ = {
			isa = XCConfigurationList;
			buildConfigurations = (
				CB35CA02268235FE00FF7543 /* Debug */,
				CB35CA03268235FE00FF7543 /* Release */,
			);
			defaultConfigurationIsVisible = 0;
			defaultConfigurationName = Release;
		};
		CB35CA04268235FE00FF7543 /* Build configuration list for PBXNativeTarget "AwesomeDays" */ = {
			isa = XCConfigurationList;
			buildConfigurations = (
				CB35CA05268235FE00FF7543 /* Debug */,
				CB35CA06268235FE00FF7543 /* Release */,
			);
			defaultConfigurationIsVisible = 0;
			defaultConfigurationName = Release;
		};
/* End XCConfigurationList section */

/* Begin XCRemoteSwiftPackageReference section */
		CBF448672686069C006C9ACF /* XCRemoteSwiftPackageReference "SwiftUI-Introspect" */ = {
			isa = XCRemoteSwiftPackageReference;
			repositoryURL = "https://github.com/siteline/SwiftUI-Introspect.git";
			requirement = {
				kind = upToNextMajorVersion;
				minimumVersion = 0.1.3;
			};
		};
/* End XCRemoteSwiftPackageReference section */

/* Begin XCSwiftPackageProductDependency section */
		CBF448682686069C006C9ACF /* Introspect */ = {
			isa = XCSwiftPackageProductDependency;
			package = CBF448672686069C006C9ACF /* XCRemoteSwiftPackageReference "SwiftUI-Introspect" */;
			productName = Introspect;
		};
/* End XCSwiftPackageProductDependency section */
	};
	rootObject = CB35C9EE268235F700FF7543 /* Project object */;
}
